# THIS IS AN AUTOGENERATED FILE. DO NOT EDIT THIS FILE DIRECTLY.
# yarn lockfile v1


"@types/chrome@^0.0.47":
  version "0.0.47"
  resolved "https://registry.yarnpkg.com/@types/chrome/-/chrome-0.0.47.tgz#f26d304f7b47ec142a194b03e454355d2d526bbe"
  dependencies:
    "@types/filesystem" "*"

"@types/filesystem@*":
  version "0.0.28"
  resolved "https://registry.yarnpkg.com/@types/filesystem/-/filesystem-0.0.28.tgz#3fd7735830f2c7413cb5ac45780bc45904697b0e"
  dependencies:
    "@types/filewriter" "*"

"@types/filewriter@*":
  version "0.0.28"
  resolved "https://registry.yarnpkg.com/@types/filewriter/-/filewriter-0.0.28.tgz#c054e8af4d9dd75db4e63abc76f885168714d4b3"

web-ext-types@^0.3.1:
  version "0.3.1"
  resolved "https://registry.yarnpkg.com/web-ext-types/-/web-ext-types-0.3.1.tgz#77c483ade0781d79b8697351e832017dd94661a6"
